
Microsoft Visual Studio Solution File, Format Version 12.00
# Visual Studio 15
VisualStudioVersion = 15.0.27004.2005
MinimumVisualStudioVersion = 10.0.40219.1
Project("{FAE04EC0-301F-11D3-BF4B-00C04F79EFBC}") = "Bakery.Core", "Bakery.Core\Bakery.Core.csproj", "{898F40B8-9113-47A7-A50F-F2A01E72812B}"
EndProject
Project("{FAE04EC0-301F-11D3-BF4B-00C04F79EFBC}") = "Bakery", "Bakery\Bakery.csproj", "{81162B27-EBED-40D3-B92B-2749A40A3502}"
EndProject
Project("{FAE04EC0-301F-11D3-BF4B-00C04F79EFBC}") = "AdminDashboard", "AdminDashboard\AdminDashboard.csproj", "{D863EFF7-D7A6-427B-B48E-14474918CAAB}"
EndProject
Project("{FAE04EC0-301F-11D3-BF4B-00C04F79EFBC}") = "BakeryApi", "BakeryApi\BakeryApi.csproj", "{CF309CB7-90B8-4F6A-B72D-782974A87908}"
EndProject
Global
	GlobalSection(SolutionConfigurationPlatforms) = preSolution
		Debug|Any CPU = Debug|Any CPU
		Release|Any CPU = Release|Any CPU
	EndGlobalSection
	GlobalSection(ProjectConfigurationPlatforms) = postSolution
		{898F40B8-9113-47A7-A50F-F2A01E72812B}.Debug|Any CPU.ActiveCfg = Debug|Any CPU
		{898F40B8-9113-47A7-A50F-F2A01E72812B}.Debug|Any CPU.Build.0 = Debug|Any CPU
		{898F40B8-9113-47A7-A50F-F2A01E72812B}.Release|Any CPU.ActiveCfg = Release|Any CPU
		{898F40B8-9113-47A7-A50F-F2A01E72812B}.Release|Any CPU.Build.0 = Release|Any CPU
		{81162B27-EBED-40D3-B92B-2749A40A3502}.Debug|Any CPU.ActiveCfg = Debug|Any CPU
		{81162B27-EBED-40D3-B92B-2749A40A3502}.Debug|Any CPU.Build.0 = Debug|Any CPU
		{81162B27-EBED-40D3-B92B-2749A40A3502}.Release|Any CPU.ActiveCfg = Release|Any CPU
		{81162B27-EBED-40D3-B92B-2749A40A3502}.Release|Any CPU.Build.0 = Release|Any CPU
		{D863EFF7-D7A6-427B-B48E-14474918CAAB}.Debug|Any CPU.ActiveCfg = Debug|Any CPU
		{D863EFF7-D7A6-427B-B48E-14474918CAAB}.Debug|Any CPU.Build.0 = Debug|Any CPU
		{D863EFF7-D7A6-427B-B48E-14474918CAAB}.Release|Any CPU.ActiveCfg = Release|Any CPU
		{D863EFF7-D7A6-427B-B48E-14474918CAAB}.Release|Any CPU.Build.0 = Release|Any CPU
		{CF309CB7-90B8-4F6A-B72D-782974A87908}.Debug|Any CPU.ActiveCfg = Debug|Any CPU
		{CF309CB7-90B8-4F6A-B72D-782974A87908}.Debug|Any CPU.Build.0 = Debug|Any CPU
		{CF309CB7-90B8-4F6A-B72D-782974A87908}.Release|Any CPU.ActiveCfg = Release|Any CPU
		{CF309CB7-90B8-4F6A-B72D-782974A87908}.Release|Any CPU.Build.0 = Release|Any CPU
	EndGlobalSection
	GlobalSection(SolutionProperties) = preSolution
		HideSolutionNode = FALSE
	EndGlobalSection
	GlobalSection(ExtensibilityGlobals) = postSolution
		SolutionGuid = {60EC6680-F501-413C-AC80-45A27F435F0B}
	EndGlobalSection
EndGlobal
